// !$*UTF8*$!
{
	archiveVersion = 1;
	classes = {
	};
	objectVersion = 46;
	objects = {

/* Begin PBXBuildFile section */
		E5B514861F69916D00BB9F1D /* AppDelegate.swift in Sources */ = {isa = PBXBuildFile; fileRef = E5B514851F69916D00BB9F1D /* AppDelegate.swift */; };
		E5B514881F69916D00BB9F1D /* ViewController.swift in Sources */ = {isa = PBXBuildFile; fileRef = E5B514871F69916D00BB9F1D /* ViewController.swift */; };
		E5B5148B1F69916D00BB9F1D /* Main.storyboard in Resources */ = {isa = PBXBuildFile; fileRef = E5B514891F69916D00BB9F1D /* Main.storyboard */; };
		E5B5148D1F69916D00BB9F1D /* Assets.xcassets in Resources */ = {isa = PBXBuildFile; fileRef = E5B5148C1F69916D00BB9F1D /* Assets.xcassets */; };
		E5B514901F69916D00BB9F1D /* LaunchScreen.storyboard in Resources */ = {isa = PBXBuildFile; fileRef = E5B5148E1F69916D00BB9F1D /* LaunchScreen.storyboard */; };
		E5B514981F69952100BB9F1D /* EFSignalBarView.swift in Sources */ = {isa = PBXBuildFile; fileRef = E5B514971F69952100BB9F1D /* EFSignalBarView.swift */; };
/* End PBXBuildFile section */

/* Begin PBXFileReference section */
		E5B514821F69916D00BB9F1D /* EFSignalBariOS.app */ = {isa = PBXFileReference; explicitFileType = wrapper.application; includeInIndex = 0; path = EFSignalBariOS.app; sourceTree = BUILT_PRODUCTS_DIR; };
		E5B514851F69916D00BB9F1D /* AppDelegate.swift */ = {isa = PBXFileReference; lastKnownFileType = sourcecode.swift; path = AppDelegate.swift; sourceTree = "<group>"; };
		E5B514871F69916D00BB9F1D /* ViewController.swift */ = {isa = PBXFileReference; lastKnownFileType = sourcecode.swift; path = ViewController.swift; sourceTree = "<group>"; };
		E5B5148A1F69916D00BB9F1D /* Base */ = {isa = PBXFileReference; lastKnownFileType = file.storyboard; name = Base; path = Base.lproj/Main.storyboard; sourceTree = "<group>"; };
		E5B5148C1F69916D00BB9F1D /* Assets.xcassets */ = {isa = PBXFileReference; lastKnownFileType = folder.assetcatalog; path = Assets.xcassets; sourceTree = "<group>"; };
		E5B5148F1F69916D00BB9F1D /* Base */ = {isa = PBXFileReference; lastKnownFileType = file.storyboard; name = Base; path = Base.lproj/LaunchScreen.storyboard; sourceTree = "<group>"; };
		E5B514911F69916D00BB9F1D /* Info.plist */ = {isa = PBXFileReference; lastKnownFileType = text.plist.xml; path = Info.plist; sourceTree = "<group>"; };
		E5B514971F69952100BB9F1D /* EFSignalBarView.swift */ = {isa = PBXFileReference; fileEncoding = 4; lastKnownFileType = sourcecode.swift; path = EFSignalBarView.swift; sourceTree = "<group>"; };
/* End PBXFileReference section */

/* Begin PBXFrameworksBuildPhase section */
		E5B5147F1F69916D00BB9F1D /* Frameworks */ = {
			isa = PBXFrameworksBuildPhase;
			buildActionMask = 2147483647;
			files = (
			);
			runOnlyForDeploymentPostprocessing = 0;
		};
/* End PBXFrameworksBuildPhase section */

/* Begin PBXGroup section */
		E5B514791F69916D00BB9F1D = {
			isa = PBXGroup;
			children = (
				E5B514841F69916D00BB9F1D /* EFSignalBariOS */,
				E5B514831F69916D00BB9F1D /* Products */,
			);
			sourceTree = "<group>";
		};
		E5B514831F69916D00BB9F1D /* Products */ = {
			isa = PBXGroup;
			children = (
				E5B514821F69916D00BB9F1D /* EFSignalBariOS.app */,
			);
			name = Products;
			sourceTree = "<group>";
		};
		E5B514841F69916D00BB9F1D /* EFSignalBariOS */ = {
			isa = PBXGroup;
			children = (
				E5B514851F69916D00BB9F1D /* AppDelegate.swift */,
				E5B514871F69916D00BB9F1D /* ViewController.swift */,
				E5B514891F69916D00BB9F1D /* Main.storyboard */,
				E5B514971F69952100BB9F1D /* EFSignalBarView.swift */,
				E5B5148C1F69916D00BB9F1D /* Assets.xcassets */,
				E5B5148E1F69916D00BB9F1D /* LaunchScreen.storyboard */,
				E5B514911F69916D00BB9F1D /* Info.plist */,
			);
			path = EFSignalBariOS;
			sourceTree = "<group>";
		};
/* End PBXGroup section */

/* Begin PBXNativeTarget section */
		E5B514811F69916D00BB9F1D /* EFSignalBariOS */ = {
			isa = PBXNativeTarget;
			buildConfigurationList = E5B514941F69916D00BB9F1D /* Build configuration list for PBXNativeTarget "EFSignalBariOS" */;
			buildPhases = (
				E5B5147E1F69916D00BB9F1D /* Sources */,
				E5B5147F1F69916D00BB9F1D /* Frameworks */,
				E5B514801F69916D00BB9F1D /* Resources */,
			);
			buildRules = (
			);
			dependencies = (
			);
			name = EFSignalBariOS;
			productName = EFSignalBariOS;
			productReference = E5B514821F69916D00BB9F1D /* EFSignalBariOS.app */;
			productType = "com.apple.product-type.application";
		};
/* End PBXNativeTarget section */

/* Begin PBXProject section */
		E5B5147A1F69916D00BB9F1D /* Project object */ = {
			isa = PBXProject;
			attributes = {
				LastSwiftUpdateCheck = 0830;
				LastUpgradeCheck = 0830;
				ORGANIZATIONNAME = Ratatat;
				TargetAttributes = {
					E5B514811F69916D00BB9F1D = {
						CreatedOnToolsVersion = 8.3.2;
						DevelopmentTeam = KRYVM78ML5;
						ProvisioningStyle = Automatic;
					};
				};
			};
			buildConfigurationList = E5B5147D1F69916D00BB9F1D /* Build configuration list for PBXProject "EFSignalBariOS" */;
			compatibilityVersion = "Xcode 3.2";
			developmentRegion = English;
			hasScannedForEncodings = 0;
			knownRegions = (
				en,
				Base,
			);
			mainGroup = E5B514791F69916D00BB9F1D;
			productRefGroup = E5B514831F69916D00BB9F1D /* Products */;
			projectDirPath = "";
			projectRoot = "";
			targets = (
				E5B514811F69916D00BB9F1D /* EFSignalBariOS */,
			);
		};
/* End PBXProject section */

/* Begin PBXResourcesBuildPhase section */
		E5B514801F69916D00BB9F1D /* Resources */ = {
			isa = PBXResourcesBuildPhase;
			buildActionMask = 2147483647;
			files = (
				E5B514901F69916D00BB9F1D /* LaunchScreen.storyboard in Resources */,
				E5B5148D1F69916D00BB9F1D /* Assets.xcassets in Resources */,
				E5B5148B1F69916D00BB9F1D /* Main.storyboard in Resources */,
			);
			runOnlyForDeploymentPostprocessing = 0;
		};
/* End PBXResourcesBuildPhase section */

/* Begin PBXSourcesBuildPhase section */
		E5B5147E1F69916D00BB9F1D /* Sources */ = {
			isa = PBXSourcesBuildPhase;
			buildActionMask = 2147483647;
			files = (
				E5B514881F69916D00BB9F1D /* ViewController.swift in Sources */,
				E5B514861F69916D00BB9F1D /* AppDelegate.swift in Sources */,
				E5B514981F69952100BB9F1D /* EFSignalBarView.swift in Sources */,
			);
			runOnlyForDeploymentPostprocessing = 0;
		};
/* End PBXSourcesBuildPhase section */

/* Begin PBXVariantGroup section */
		E5B514891F69916D00BB9F1D /* Main.storyboard */ = {
			isa = PBXVariantGroup;
			children = (
				E5B5148A1F69916D00BB9F1D /* Base */,
			);
			name = Main.storyboard;
			sourceTree = "<group>";
		};
		E5B5148E1F69916D00BB9F1D /* LaunchScreen.storyboard */ = {
			isa = PBXVariantGroup;
			children = (
				E5B5148F1F69916D00BB9F1D /* Base */,
			);
			name = LaunchScreen.storyboard;
			sourceTree = "<group>";
		};
/* End PBXVariantGroup section */

/* Begin XCBuildConfiguration section */
		E5B514921F69916D00BB9F1D /* Debug */ = {
			isa = XCBuildConfiguration;
			buildSettings = {
				ALWAYS_SEARCH_USER_PATHS = NO;
				CLANG_ANALYZER_NONNULL = YES;
				CLANG_ANALYZER_NUMBER_OBJECT_CONVERSION = YES_AGGRESSIVE;
				CLANG_CXX_LANGUAGE_STANDARD = "gnu++0x";
				CLANG_CXX_LIBRARY = "libc++";
				CLANG_ENABLE_MODULES = YES;
				CLANG_ENABLE_OBJC_ARC = YES;
				CLANG_WARN_BOOL_CONVERSION = YES;
				CLANG_WARN_CONSTANT_CONVERSION = YES;
				CLANG_WARN_DIRECT_OBJC_ISA_USAGE = YES_ERROR;
				CLANG_WARN_DOCUMENTATION_COMMENTS = YES;
				CLANG_WARN_EMPTY_BODY = YES;
				CLANG_WARN_ENUM_CONVERSION = YES;
				CLANG_WARN_INFINITE_RECURSION = YES;
				CLANG_WARN_INT_CONVERSION = YES;
				CLANG_WARN_OBJC_ROOT_CLASS = YES_ERROR;
				CLANG_WARN_SUSPICIOUS_MOVE = YES;
				CLANG_WARN_UNREACHABLE_CODE = YES;
				CLANG_WARN__DUPLICATE_METHOD_MATCH = YES;
				"CODE_SIGN_IDENTITY[sdk=iphoneos*]" = "iPhone Developer";
				COPY_PHASE_STRIP = NO;
				DEBUG_INFORMATION_FORMAT = dwarf;
				ENABLE_STRICT_OBJC_MSGSEND = YES;
				ENABLE_TESTABILITY = YES;
				GCC_C_LANGUAGE_STANDARD = gnu99;
				GCC_DYNAMIC_NO_PIC = NO;
				GCC_NO_COMMON_BLOCKS = YES;
				GCC_OPTIMIZATION_LEVEL = 0;
				GCC_PREPROCESSOR_DEFINITIONS = (
					"DEBUG=1",
					"$(inherited)",
				);
				GCC_WARN_64_TO_32_BIT_CONVERSION = YES;
				GCC_WARN_ABOUT_RETURN_TYPE = YES_ERROR;
				GCC_WARN_UNDECLARED_SELECTOR = YES;
				GCC_WARN_UNINITIALIZED_AUTOS = YES_AGGRESSIVE;
				GCC_WARN_UNUSED_FUNCTION = YES;
				GCC_WARN_UNUSED_VARIABLE = YES;
				IPHONEOS_DEPLOYMENT_TARGET = 10.3;
				MTL_ENABLE_DEBUG_INFO = YES;
				ONLY_ACTIVE_ARCH = YES;
				SDKROOT = iphoneos;
				SWIFT_ACTIVE_COMPILATION_CONDITIONS = DEBUG;
				SWIFT_OPTIMIZATION_LEVEL = "-Onone";
			};
			name = Debug;
		};
		E5B514931F69916D00BB9F1D /* Release */ = {
			isa = XCBuildConfiguration;
			buildSettings = {
				ALWAYS_SEARCH_USER_PATHS = NO;
				CLANG_ANALYZER_NONNULL = YES;
				CLANG_ANALYZER_NUMBER_OBJECT_CONVERSION = YES_AGGRESSIVE;
				CLANG_CXX_LANGUAGE_STANDARD = "gnu++0x";
				CLANG_CXX_LIBRARY = "libc++";
				CLANG_ENABLE_MODULES = YES;
				CLANG_ENABLE_OBJC_ARC = YES;
				CLANG_WARN_BOOL_CONVERSION = YES;
				CLANG_WARN_CONSTANT_CONVERSION = YES;
				CLANG_WARN_DIRECT_OBJC_ISA_USAGE = YES_ERROR;
				CLANG_WARN_DOCUMENTATION_COMMENTS = YES;
				CLANG_WARN_EMPTY_BODY = YES;
				CLANG_WARN_ENUM_CONVERSION = YES;
				CLANG_WARN_INFINITE_RECURSION = YES;
				CLANG_WARN_INT_CONVERSION = YES;
				CLANG_WARN_OBJC_ROOT_CLASS = YES_ERROR;
				CLANG_WARN_SUSPICIOUS_MOVE = YES;
				CLANG_WARN_UNREACHABLE_CODE = YES;
				CLANG_WARN__DUPLICATE_METHOD_MATCH = YES;
				"CODE_SIGN_IDENTITY[sdk=iphoneos*]" = "iPhone Developer";
				COPY_PHASE_STRIP = NO;
				DEBUG_INFORMATION_FORMAT = "dwarf-with-dsym";
				ENABLE_NS_ASSERTIONS = NO;
				ENABLE_STRICT_OBJC_MSGSEND = YES;
				GCC_C_LANGUAGE_STANDARD = gnu99;
				GCC_NO_COMMON_BLOCKS = YES;
				GCC_WARN_64_TO_32_BIT_CONVERSION = YES;
				GCC_WARN_ABOUT_RETURN_TYPE = YES_ERROR;
				GCC_WARN_UNDECLARED_SELECTOR = YES;
				GCC_WARN_UNINITIALIZED_AUTOS = YES_AGGRESSIVE;
				GCC_WARN_UNUSED_FUNCTION = YES;
				GCC_WARN_UNUSED_VARIABLE = YES;
				IPHONEOS_DEPLOYMENT_TARGET = 10.3;
				MTL_ENABLE_DEBUG_INFO = NO;
				SDKROOT = iphoneos;
				SWIFT_OPTIMIZATION_LEVEL = "-Owholemodule";
				VALIDATE_PRODUCT = YES;
			};
			name = Release;
		};
		E5B514951F69916D00BB9F1D /* Debug */ = {
			isa = XCBuildConfiguration;
			buildSettings = {
				ASSETCATALOG_COMPILER_APPICON_NAME = AppIcon;
				DEVELOPMENT_TEAM = KRYVM78ML5;
				INFOPLIST_FILE = EFSignalBariOS/Info.plist;
				LD_RUNPATH_SEARCH_PATHS = "$(inherited) @executable_path/Frameworks";
				PRODUCT_BUNDLE_IDENTIFIER = com.EFSignalBariOS;
				PRODUCT_NAME = "$(TARGET_NAME)";
				SWIFT_VERSION = 3.0;
			};
			name = Debug;
		};
		E5B514961F69916D00BB9F1D /* Release */ = {
			isa = XCBuildConfiguration;
			buildSettings = {
				ASSETCATALOG_COMPILER_APPICON_NAME = AppIcon;
				DEVELOPMENT_TEAM = KRYVM78ML5;
				INFOPLIST_FILE = EFSignalBariOS/Info.plist;
				LD_RUNPATH_SEARCH_PATHS = "$(inherited) @executable_path/Frameworks";
				PRODUCT_BUNDLE_IDENTIFIER = com.EFSignalBariOS;
				PRODUCT_NAME = "$(TARGET_NAME)";
				SWIFT_VERSION = 3.0;
			};
			name = Release;
		};
/* End XCBuildConfiguration section */

/* Begin XCConfigurationList section */
		E5B5147D1F69916D00BB9F1D /* Build configuration list for PBXProject "EFSignalBariOS" */ = {
			isa = XCConfigurationList;
			buildConfigurations = (
				E5B514921F69916D00BB9F1D /* Debug */,
				E5B514931F69916D00BB9F1D /* Release */,
			);
			defaultConfigurationIsVisible = 0;
			defaultConfigurationName = Release;
		};
		E5B514941F69916D00BB9F1D /* Build configuration list for PBXNativeTarget "EFSignalBariOS" */ = {
			isa = XCConfigurationList;
			buildConfigurations = (
				E5B514951F69916D00BB9F1D /* Debug */,
				E5B514961F69916D00BB9F1D /* Release */,
			);
			defaultConfigurationIsVisible = 0;
		};
/* End XCConfigurationList section */
	};
	rootObject = E5B5147A1F69916D00BB9F1D /* Project object */;
}
